slot: 0
proposer_index: 0
parent_root: '0x0000000000000000000000000000000000000000000000000000000000000000'
state_root: '0xe6e5c2e68ac228a461a334458c2bde168ba154131cdbf3c16e4385ce06276b6d'
body:
  randao_reveal: '0x000000000000000000000000000000000000000000000000000000000000000000000000000000000000000000000000000000000000000000000000000000000000000000000000000000000000000000000000000000000000000000000000'
  eth1_data: {deposit_root: '0x0000000000000000000000000000000000000000000000000000000000000000',
    deposit_count: 0, block_hash: '0x0000000000000000000000000000000000000000000000000000000000000000'}
  graffiti: '0x0000000000000000000000000000000000000000000000000000000000000000'
  proposer_slashings: []
  attester_slashings: []
  attestations: []
  deposits: []
  voluntary_exits: []
